{
  "nodes": {
    "nixpkgs": {
      "locked": {
        "lastModified": 1722640603,
        "narHash": "sha256-TcXjLVNd3VeH1qKPH335Tc4RbFDbZQX+d7rqnDUoRaY=",
        "owner": "NixOS",
        "repo": "nixpkgs",
        "rev": "81610abc161d4021b29199aa464d6a1a521e0cc9",
        "type": "github"
      },
      "original": {
        "owner": "NixOS",
        "ref": "nixpkgs-unstable",
        "repo": "nixpkgs",
        "type": "github"
      }
    },
    "root": {
      "inputs": {
        "nixpkgs": "nixpkgs",
        "zmk-nix": "zmk-nix"
      }
    },
    "zmk-nix": {
      "inputs": {
        "nixpkgs": [
          "nixpkgs"
        ]
      },
      "locked": {
        "lastModified": 1719793793,
        "narHash": "sha256-iM+7WlcGGQWdbGgN1UpGp1kuHQD6YnJxjHDeW9oevRA=",
        "owner": "nakato-forks",
        "repo": "zmk-nix",
        "rev": "16d78a376d659e9f63b27ac3eb9bbb6b52af8166",
        "type": "github"
      },
      "original": {
        "owner": "nakato-forks",
        "ref": "BlockWrite",
        "repo": "zmk-nix",
        "type": "github"
      }
    }
  },
  "root": "root",
  "version": 7
}
