{
  "nodes": {
    "nixpkgs": {
      "locked": {
        "lastModified": 1728093190,
        "narHash": "sha256-CAZF2NRuHmqTtRTNAruWpHA43Gg2UvuCNEIzabP0l6M=",
        "owner": "NixOS",
        "repo": "nixpkgs",
        "rev": "e2f08f4d8b3ecb5cf5c9fd9cb2d53bb3c71807da",
        "type": "github"
      },
      "original": {
        "owner": "NixOS",
        "ref": "nixpkgs-unstable",
        "repo": "nixpkgs",
        "type": "github"
      }
    },
    "root": {
      "inputs": {
        "nixpkgs": "nixpkgs",
        "zmk-nix": "zmk-nix"
      }
    },
    "zmk-nix": {
      "inputs": {
        "nixpkgs": [
          "nixpkgs"
        ]
      },
      "locked": {
        "lastModified": 1719793793,
        "narHash": "sha256-iM+7WlcGGQWdbGgN1UpGp1kuHQD6YnJxjHDeW9oevRA=",
        "owner": "nakato-forks",
        "repo": "zmk-nix",
        "rev": "16d78a376d659e9f63b27ac3eb9bbb6b52af8166",
        "type": "github"
      },
      "original": {
        "owner": "nakato-forks",
        "ref": "BlockWrite",
        "repo": "zmk-nix",
        "type": "github"
      }
    }
  },
  "root": "root",
  "version": 7
}
