{
  "nodes": {
    "nixpkgs": {
      "locked": {
        "lastModified": 1720181791,
        "narHash": "sha256-i4vJL12/AdyuQuviMMd1Hk2tsGt02hDNhA0Zj1m16N8=",
        "owner": "NixOS",
        "repo": "nixpkgs",
        "rev": "4284c2b73c8bce4b46a6adf23e16d9e2ec8da4bb",
        "type": "github"
      },
      "original": {
        "owner": "NixOS",
        "ref": "nixpkgs-unstable",
        "repo": "nixpkgs",
        "type": "github"
      }
    },
    "root": {
      "inputs": {
        "nixpkgs": "nixpkgs",
        "zmk-nix": "zmk-nix"
      }
    },
    "zmk-nix": {
      "inputs": {
        "nixpkgs": [
          "nixpkgs"
        ]
      },
      "locked": {
        "lastModified": 1719793793,
        "narHash": "sha256-iM+7WlcGGQWdbGgN1UpGp1kuHQD6YnJxjHDeW9oevRA=",
        "owner": "nakato-forks",
        "repo": "zmk-nix",
        "rev": "16d78a376d659e9f63b27ac3eb9bbb6b52af8166",
        "type": "github"
      },
      "original": {
        "owner": "nakato-forks",
        "ref": "BlockWrite",
        "repo": "zmk-nix",
        "type": "github"
      }
    }
  },
  "root": "root",
  "version": 7
}
